
Microsoft Visual Studio Solution File, Format Version 12.00
Project("{FAE04EC0-301F-11D3-BF4B-00C04F79EFBC}") = "SensorServer", "SensorServer\SensorServer.csproj", "{B736BFD6-1416-45E2-BB9A-DBE90EA3D394}"
EndProject
Global
	GlobalSection(SolutionConfigurationPlatforms) = preSolution
		Debug|Any CPU = Debug|Any CPU
		Release|Any CPU = Release|Any CPU
	EndGlobalSection
	GlobalSection(ProjectConfigurationPlatforms) = postSolution
		{B736BFD6-1416-45E2-BB9A-DBE90EA3D394}.Debug|Any CPU.ActiveCfg = Debug|Any CPU
		{B736BFD6-1416-45E2-BB9A-DBE90EA3D394}.Debug|Any CPU.Build.0 = Debug|Any CPU
		{B736BFD6-1416-45E2-BB9A-DBE90EA3D394}.Release|Any CPU.ActiveCfg = Release|Any CPU
		{B736BFD6-1416-45E2-BB9A-DBE90EA3D394}.Release|Any CPU.Build.0 = Release|Any CPU
	EndGlobalSection
EndGlobal
